# THIS IS AN AUTOGENERATED FILE. DO NOT EDIT THIS FILE DIRECTLY.
# yarn lockfile v1


"@supabase/auth-helpers-nextjs@^0.10.0":
  version "0.10.0"
  resolved "https://registry.yarnpkg.com/@supabase/auth-helpers-nextjs/-/auth-helpers-nextjs-0.10.0.tgz#e831968f95e1bc44f400825d251a8b2fda97ee9f"
  integrity sha512-2dfOGsM4yZt0oS4TPiE7bD4vf7EVz7NRz/IJrV6vLg0GP7sMUx8wndv2euLGq4BjN9lUCpu6DG/uCC8j+ylwPg==
  dependencies:
    "@supabase/auth-helpers-shared" "0.7.0"
    set-cookie-parser "^2.6.0"

"@supabase/auth-helpers-shared@0.7.0":
  version "0.7.0"
  resolved "https://registry.yarnpkg.com/@supabase/auth-helpers-shared/-/auth-helpers-shared-0.7.0.tgz#244a6b6ac39a5eb1bc8d69a57c25aa580cd0f669"
  integrity sha512-FBFf2ei2R7QC+B/5wWkthMha8Ca2bWHAndN+syfuEUUfufv4mLcAgBCcgNg5nJR8L0gZfyuaxgubtOc9aW3Cpg==
  dependencies:
    jose "^4.14.4"

jose@^4.14.4:
  version "4.15.9"
  resolved "https://registry.yarnpkg.com/jose/-/jose-4.15.9.tgz#9b68eda29e9a0614c042fa29387196c7dd800100"
  integrity sha512-1vUQX+IdDMVPj4k8kOxgUqlcK518yluMuGZwqlr44FS1ppZB/5GWh4rZG89erpOBOJjU/OBsnCVFfapsRz6nEA==

set-cookie-parser@^2.6.0:
  version "2.6.0"
  resolved "https://registry.yarnpkg.com/set-cookie-parser/-/set-cookie-parser-2.6.0.tgz#131921e50f62ff1a66a461d7d62d7b21d5d15a51"
  integrity sha512-RVnVQxTXuerk653XfuliOxBP81Sf0+qfQE73LIYKcyMYHG94AuH0kgrQpRDuTZnSmjpysHmzxJXKNfa6PjFhyQ==
